// !$*UTF8*$!
{
	archiveVersion = 1;
	classes = {
	};
	objectVersion = 50;
	objects = {

/* Begin PBXBuildFile section */
		B5F5FEA8A46F1A29FDCD4A58 /* Pods_NyTimesPopularArticles_NyTimesPopularArticlesUITests.framework in Frameworks */ = {isa = PBXBuildFile; fileRef = 016D22F288EBF2B8122CEA79 /* Pods_NyTimesPopularArticles_NyTimesPopularArticlesUITests.framework */; };
		C50B925241430CDC8F1B8C1F /* Pods_NyTimesPopularArticles.framework in Frameworks */ = {isa = PBXBuildFile; fileRef = 1566AA0D827108298F40BEAF /* Pods_NyTimesPopularArticles.framework */; };
		CA8DEBC6249696FC00E501E4 /* AppDelegate.swift in Sources */ = {isa = PBXBuildFile; fileRef = CA8DEBC5249696FC00E501E4 /* AppDelegate.swift */; };
		CA8DEBCF249696FD00E501E4 /* Assets.xcassets in Resources */ = {isa = PBXBuildFile; fileRef = CA8DEBCE249696FD00E501E4 /* Assets.xcassets */; };
		CA8DEBD2249696FD00E501E4 /* LaunchScreen.storyboard in Resources */ = {isa = PBXBuildFile; fileRef = CA8DEBD0249696FD00E501E4 /* LaunchScreen.storyboard */; };
		CA8DEBDD249696FD00E501E4 /* NyTimesPopularArticlesTests.swift in Sources */ = {isa = PBXBuildFile; fileRef = CA8DEBDC249696FD00E501E4 /* NyTimesPopularArticlesTests.swift */; };
		CA8DEBE8249696FD00E501E4 /* NyTimesPopularArticlesUITests.swift in Sources */ = {isa = PBXBuildFile; fileRef = CA8DEBE7249696FD00E501E4 /* NyTimesPopularArticlesUITests.swift */; };
		CA8DEC512496A57C00E501E4 /* NetworkLayer.framework in Frameworks */ = {isa = PBXBuildFile; fileRef = CA8DEC502496A57C00E501E4 /* NetworkLayer.framework */; };
		CA8DEC522496A57C00E501E4 /* NetworkLayer.framework in Embed Frameworks */ = {isa = PBXBuildFile; fileRef = CA8DEC502496A57C00E501E4 /* NetworkLayer.framework */; settings = {ATTRIBUTES = (CodeSignOnCopy, RemoveHeadersOnCopy, ); }; };
		CA8DEC592496BC4000E501E4 /* BaseResponse.swift in Sources */ = {isa = PBXBuildFile; fileRef = CA8DEC582496BC4000E501E4 /* BaseResponse.swift */; };
		CA8DEC5C2496BEE700E501E4 /* MostPopularArticlesViewController.swift in Sources */ = {isa = PBXBuildFile; fileRef = CA8DEC5A2496BEE700E501E4 /* MostPopularArticlesViewController.swift */; };
		CA8DEC5D2496BEE700E501E4 /* MostPopularArticlesViewController.xib in Resources */ = {isa = PBXBuildFile; fileRef = CA8DEC5B2496BEE700E501E4 /* MostPopularArticlesViewController.xib */; };
		CA8DEC612496BF7500E501E4 /* MostPopularArticleTableViewCell.swift in Sources */ = {isa = PBXBuildFile; fileRef = CA8DEC5F2496BF7500E501E4 /* MostPopularArticleTableViewCell.swift */; };
		CA8DEC622496BF7500E501E4 /* MostPopularArticleTableViewCell.xib in Resources */ = {isa = PBXBuildFile; fileRef = CA8DEC602496BF7500E501E4 /* MostPopularArticleTableViewCell.xib */; };
		CA8DEC652496C02C00E501E4 /* DataSourceProvider.swift in Sources */ = {isa = PBXBuildFile; fileRef = CA8DEC642496C02C00E501E4 /* DataSourceProvider.swift */; };
		CA8DEC672496C24C00E501E4 /* DataManager.swift in Sources */ = {isa = PBXBuildFile; fileRef = CA8DEC662496C24C00E501E4 /* DataManager.swift */; };
		CA8DEC692496C68000E501E4 /* MostPopularArticlesCoordinator.swift in Sources */ = {isa = PBXBuildFile; fileRef = CA8DEC682496C68000E501E4 /* MostPopularArticlesCoordinator.swift */; };
		E3687CC69472C31730DB0D7B /* Pods_NyTimesPopularArticlesTests.framework in Frameworks */ = {isa = PBXBuildFile; fileRef = FFEEF2740833DD79A92F9674 /* Pods_NyTimesPopularArticlesTests.framework */; };
/* End PBXBuildFile section */

/* Begin PBXContainerItemProxy section */
		CA8DEBD9249696FD00E501E4 /* PBXContainerItemProxy */ = {
			isa = PBXContainerItemProxy;
			containerPortal = CA8DEBBA249696FC00E501E4 /* Project object */;
			proxyType = 1;
			remoteGlobalIDString = CA8DEBC1249696FC00E501E4;
			remoteInfo = NyTimesPopularArticles;
		};
		CA8DEBE4249696FD00E501E4 /* PBXContainerItemProxy */ = {
			isa = PBXContainerItemProxy;
			containerPortal = CA8DEBBA249696FC00E501E4 /* Project object */;
			proxyType = 1;
			remoteGlobalIDString = CA8DEBC1249696FC00E501E4;
			remoteInfo = NyTimesPopularArticles;
		};
/* End PBXContainerItemProxy section */

/* Begin PBXCopyFilesBuildPhase section */
		CA8DEC532496A57C00E501E4 /* Embed Frameworks */ = {
			isa = PBXCopyFilesBuildPhase;
			buildActionMask = 2147483647;
			dstPath = "";
			dstSubfolderSpec = 10;
			files = (
				CA8DEC522496A57C00E501E4 /* NetworkLayer.framework in Embed Frameworks */,
			);
			name = "Embed Frameworks";
			runOnlyForDeploymentPostprocessing = 0;
		};
/* End PBXCopyFilesBuildPhase section */

/* Begin PBXFileReference section */
		016D22F288EBF2B8122CEA79 /* Pods_NyTimesPopularArticles_NyTimesPopularArticlesUITests.framework */ = {isa = PBXFileReference; explicitFileType = wrapper.framework; includeInIndex = 0; path = Pods_NyTimesPopularArticles_NyTimesPopularArticlesUITests.framework; sourceTree = BUILT_PRODUCTS_DIR; };
		1464A4C7CE6849215787BFC4 /* Pods-NyTimesPopularArticles-NyTimesPopularArticlesUITests.release.xcconfig */ = {isa = PBXFileReference; includeInIndex = 1; lastKnownFileType = text.xcconfig; name = "Pods-NyTimesPopularArticles-NyTimesPopularArticlesUITests.release.xcconfig"; path = "Target Support Files/Pods-NyTimesPopularArticles-NyTimesPopularArticlesUITests/Pods-NyTimesPopularArticles-NyTimesPopularArticlesUITests.release.xcconfig"; sourceTree = "<group>"; };
		1566AA0D827108298F40BEAF /* Pods_NyTimesPopularArticles.framework */ = {isa = PBXFileReference; explicitFileType = wrapper.framework; includeInIndex = 0; path = Pods_NyTimesPopularArticles.framework; sourceTree = BUILT_PRODUCTS_DIR; };
		6D31E5AB22D8BD8CD73A41D4 /* Pods-NyTimesPopularArticlesTests.release.xcconfig */ = {isa = PBXFileReference; includeInIndex = 1; lastKnownFileType = text.xcconfig; name = "Pods-NyTimesPopularArticlesTests.release.xcconfig"; path = "Target Support Files/Pods-NyTimesPopularArticlesTests/Pods-NyTimesPopularArticlesTests.release.xcconfig"; sourceTree = "<group>"; };
		ADACEB7FF21429F847D3C76C /* Pods-NyTimesPopularArticles.release.xcconfig */ = {isa = PBXFileReference; includeInIndex = 1; lastKnownFileType = text.xcconfig; name = "Pods-NyTimesPopularArticles.release.xcconfig"; path = "Target Support Files/Pods-NyTimesPopularArticles/Pods-NyTimesPopularArticles.release.xcconfig"; sourceTree = "<group>"; };
		C4164447F92219FC22DA00D8 /* Pods-NyTimesPopularArticles-NyTimesPopularArticlesUITests.debug.xcconfig */ = {isa = PBXFileReference; includeInIndex = 1; lastKnownFileType = text.xcconfig; name = "Pods-NyTimesPopularArticles-NyTimesPopularArticlesUITests.debug.xcconfig"; path = "Target Support Files/Pods-NyTimesPopularArticles-NyTimesPopularArticlesUITests/Pods-NyTimesPopularArticles-NyTimesPopularArticlesUITests.debug.xcconfig"; sourceTree = "<group>"; };
		CA8DEBC2249696FC00E501E4 /* NyTimesPopularArticles.app */ = {isa = PBXFileReference; explicitFileType = wrapper.application; includeInIndex = 0; path = NyTimesPopularArticles.app; sourceTree = BUILT_PRODUCTS_DIR; };
		CA8DEBC5249696FC00E501E4 /* AppDelegate.swift */ = {isa = PBXFileReference; lastKnownFileType = sourcecode.swift; path = AppDelegate.swift; sourceTree = "<group>"; };
		CA8DEBCE249696FD00E501E4 /* Assets.xcassets */ = {isa = PBXFileReference; lastKnownFileType = folder.assetcatalog; path = Assets.xcassets; sourceTree = "<group>"; };
		CA8DEBD1249696FD00E501E4 /* Base */ = {isa = PBXFileReference; lastKnownFileType = file.storyboard; name = Base; path = Base.lproj/LaunchScreen.storyboard; sourceTree = "<group>"; };
		CA8DEBD3249696FD00E501E4 /* Info.plist */ = {isa = PBXFileReference; lastKnownFileType = text.plist.xml; path = Info.plist; sourceTree = "<group>"; };
		CA8DEBD8249696FD00E501E4 /* NyTimesPopularArticlesTests.xctest */ = {isa = PBXFileReference; explicitFileType = wrapper.cfbundle; includeInIndex = 0; path = NyTimesPopularArticlesTests.xctest; sourceTree = BUILT_PRODUCTS_DIR; };
		CA8DEBDC249696FD00E501E4 /* NyTimesPopularArticlesTests.swift */ = {isa = PBXFileReference; lastKnownFileType = sourcecode.swift; path = NyTimesPopularArticlesTests.swift; sourceTree = "<group>"; };
		CA8DEBDE249696FD00E501E4 /* Info.plist */ = {isa = PBXFileReference; lastKnownFileType = text.plist.xml; path = Info.plist; sourceTree = "<group>"; };
		CA8DEBE3249696FD00E501E4 /* NyTimesPopularArticlesUITests.xctest */ = {isa = PBXFileReference; explicitFileType = wrapper.cfbundle; includeInIndex = 0; path = NyTimesPopularArticlesUITests.xctest; sourceTree = BUILT_PRODUCTS_DIR; };
		CA8DEBE7249696FD00E501E4 /* NyTimesPopularArticlesUITests.swift */ = {isa = PBXFileReference; lastKnownFileType = sourcecode.swift; path = NyTimesPopularArticlesUITests.swift; sourceTree = "<group>"; };
		CA8DEBE9249696FD00E501E4 /* Info.plist */ = {isa = PBXFileReference; lastKnownFileType = text.plist.xml; path = Info.plist; sourceTree = "<group>"; };
		CA8DEC502496A57C00E501E4 /* NetworkLayer.framework */ = {isa = PBXFileReference; explicitFileType = wrapper.framework; path = NetworkLayer.framework; sourceTree = BUILT_PRODUCTS_DIR; };
		CA8DEC582496BC4000E501E4 /* BaseResponse.swift */ = {isa = PBXFileReference; lastKnownFileType = sourcecode.swift; path = BaseResponse.swift; sourceTree = "<group>"; };
		CA8DEC5A2496BEE700E501E4 /* MostPopularArticlesViewController.swift */ = {isa = PBXFileReference; lastKnownFileType = sourcecode.swift; path = MostPopularArticlesViewController.swift; sourceTree = "<group>"; };
		CA8DEC5B2496BEE700E501E4 /* MostPopularArticlesViewController.xib */ = {isa = PBXFileReference; lastKnownFileType = file.xib; path = MostPopularArticlesViewController.xib; sourceTree = "<group>"; };
		CA8DEC5F2496BF7500E501E4 /* MostPopularArticleTableViewCell.swift */ = {isa = PBXFileReference; lastKnownFileType = sourcecode.swift; path = MostPopularArticleTableViewCell.swift; sourceTree = "<group>"; };
		CA8DEC602496BF7500E501E4 /* MostPopularArticleTableViewCell.xib */ = {isa = PBXFileReference; lastKnownFileType = file.xib; path = MostPopularArticleTableViewCell.xib; sourceTree = "<group>"; };
		CA8DEC642496C02C00E501E4 /* DataSourceProvider.swift */ = {isa = PBXFileReference; lastKnownFileType = sourcecode.swift; path = DataSourceProvider.swift; sourceTree = "<group>"; };
		CA8DEC662496C24C00E501E4 /* DataManager.swift */ = {isa = PBXFileReference; lastKnownFileType = sourcecode.swift; path = DataManager.swift; sourceTree = "<group>"; };
		CA8DEC682496C68000E501E4 /* MostPopularArticlesCoordinator.swift */ = {isa = PBXFileReference; lastKnownFileType = sourcecode.swift; path = MostPopularArticlesCoordinator.swift; sourceTree = "<group>"; };
		D55683E6BD77EF9809E8344F /* Pods-NyTimesPopularArticlesTests.debug.xcconfig */ = {isa = PBXFileReference; includeInIndex = 1; lastKnownFileType = text.xcconfig; name = "Pods-NyTimesPopularArticlesTests.debug.xcconfig"; path = "Target Support Files/Pods-NyTimesPopularArticlesTests/Pods-NyTimesPopularArticlesTests.debug.xcconfig"; sourceTree = "<group>"; };
		E4FF4B260413C4620233D390 /* Pods-NyTimesPopularArticles.debug.xcconfig */ = {isa = PBXFileReference; includeInIndex = 1; lastKnownFileType = text.xcconfig; name = "Pods-NyTimesPopularArticles.debug.xcconfig"; path = "Target Support Files/Pods-NyTimesPopularArticles/Pods-NyTimesPopularArticles.debug.xcconfig"; sourceTree = "<group>"; };
		FFEEF2740833DD79A92F9674 /* Pods_NyTimesPopularArticlesTests.framework */ = {isa = PBXFileReference; explicitFileType = wrapper.framework; includeInIndex = 0; path = Pods_NyTimesPopularArticlesTests.framework; sourceTree = BUILT_PRODUCTS_DIR; };
/* End PBXFileReference section */

/* Begin PBXFrameworksBuildPhase section */
		CA8DEBBF249696FC00E501E4 /* Frameworks */ = {
			isa = PBXFrameworksBuildPhase;
			buildActionMask = 2147483647;
			files = (
				C50B925241430CDC8F1B8C1F /* Pods_NyTimesPopularArticles.framework in Frameworks */,
				CA8DEC512496A57C00E501E4 /* NetworkLayer.framework in Frameworks */,
			);
			runOnlyForDeploymentPostprocessing = 0;
		};
		CA8DEBD5249696FD00E501E4 /* Frameworks */ = {
			isa = PBXFrameworksBuildPhase;
			buildActionMask = 2147483647;
			files = (
				E3687CC69472C31730DB0D7B /* Pods_NyTimesPopularArticlesTests.framework in Frameworks */,
			);
			runOnlyForDeploymentPostprocessing = 0;
		};
		CA8DEBE0249696FD00E501E4 /* Frameworks */ = {
			isa = PBXFrameworksBuildPhase;
			buildActionMask = 2147483647;
			files = (
				B5F5FEA8A46F1A29FDCD4A58 /* Pods_NyTimesPopularArticles_NyTimesPopularArticlesUITests.framework in Frameworks */,
			);
			runOnlyForDeploymentPostprocessing = 0;
		};
/* End PBXFrameworksBuildPhase section */

/* Begin PBXGroup section */
		2D2A32504AB5BEF554D22A76 /* Frameworks */ = {
			isa = PBXGroup;
			children = (
				CA8DEC502496A57C00E501E4 /* NetworkLayer.framework */,
				1566AA0D827108298F40BEAF /* Pods_NyTimesPopularArticles.framework */,
				016D22F288EBF2B8122CEA79 /* Pods_NyTimesPopularArticles_NyTimesPopularArticlesUITests.framework */,
				FFEEF2740833DD79A92F9674 /* Pods_NyTimesPopularArticlesTests.framework */,
			);
			name = Frameworks;
			sourceTree = "<group>";
		};
		7CB32179919A9F83BE615DD6 /* Pods */ = {
			isa = PBXGroup;
			children = (
				E4FF4B260413C4620233D390 /* Pods-NyTimesPopularArticles.debug.xcconfig */,
				ADACEB7FF21429F847D3C76C /* Pods-NyTimesPopularArticles.release.xcconfig */,
				C4164447F92219FC22DA00D8 /* Pods-NyTimesPopularArticles-NyTimesPopularArticlesUITests.debug.xcconfig */,
				1464A4C7CE6849215787BFC4 /* Pods-NyTimesPopularArticles-NyTimesPopularArticlesUITests.release.xcconfig */,
				D55683E6BD77EF9809E8344F /* Pods-NyTimesPopularArticlesTests.debug.xcconfig */,
				6D31E5AB22D8BD8CD73A41D4 /* Pods-NyTimesPopularArticlesTests.release.xcconfig */,
			);
			path = Pods;
			sourceTree = "<group>";
		};
		CA8DEBB9249696FC00E501E4 = {
			isa = PBXGroup;
			children = (
				CA8DEBC4249696FC00E501E4 /* NyTimesPopularArticles */,
				CA8DEBDB249696FD00E501E4 /* NyTimesPopularArticlesTests */,
				CA8DEBE6249696FD00E501E4 /* NyTimesPopularArticlesUITests */,
				CA8DEBC3249696FC00E501E4 /* Products */,
				7CB32179919A9F83BE615DD6 /* Pods */,
				2D2A32504AB5BEF554D22A76 /* Frameworks */,
			);
			sourceTree = "<group>";
		};
		CA8DEBC3249696FC00E501E4 /* Products */ = {
			isa = PBXGroup;
			children = (
				CA8DEBC2249696FC00E501E4 /* NyTimesPopularArticles.app */,
				CA8DEBD8249696FD00E501E4 /* NyTimesPopularArticlesTests.xctest */,
				CA8DEBE3249696FD00E501E4 /* NyTimesPopularArticlesUITests.xctest */,
			);
			name = Products;
			sourceTree = "<group>";
		};
		CA8DEBC4249696FC00E501E4 /* NyTimesPopularArticles */ = {
			isa = PBXGroup;
			children = (
				CA8DEC632496C02000E501E4 /* DataSources */,
				CA8DEC572496BB3500E501E4 /* ViewModels */,
				CA8DEC562496BB2A00E501E4 /* Models */,
				CA8DEC552496BB2100E501E4 /* Coordinators */,
				CA8DEC542496BB1400E501E4 /* Views */,
				CA8DEBC5249696FC00E501E4 /* AppDelegate.swift */,
				CA8DEBCE249696FD00E501E4 /* Assets.xcassets */,
				CA8DEBD0249696FD00E501E4 /* LaunchScreen.storyboard */,
				CA8DEBD3249696FD00E501E4 /* Info.plist */,
			);
			path = NyTimesPopularArticles;
			sourceTree = "<group>";
		};
		CA8DEBDB249696FD00E501E4 /* NyTimesPopularArticlesTests */ = {
			isa = PBXGroup;
			children = (
				CA8DEBDC249696FD00E501E4 /* NyTimesPopularArticlesTests.swift */,
				CA8DEBDE249696FD00E501E4 /* Info.plist */,
			);
			path = NyTimesPopularArticlesTests;
			sourceTree = "<group>";
		};
		CA8DEBE6249696FD00E501E4 /* NyTimesPopularArticlesUITests */ = {
			isa = PBXGroup;
			children = (
				CA8DEBE7249696FD00E501E4 /* NyTimesPopularArticlesUITests.swift */,
				CA8DEBE9249696FD00E501E4 /* Info.plist */,
			);
			path = NyTimesPopularArticlesUITests;
			sourceTree = "<group>";
		};
		CA8DEC542496BB1400E501E4 /* Views */ = {
			isa = PBXGroup;
			children = (
				CA8DEC5E2496BF3000E501E4 /* Cells */,
				CA8DEC5A2496BEE700E501E4 /* MostPopularArticlesViewController.swift */,
				CA8DEC5B2496BEE700E501E4 /* MostPopularArticlesViewController.xib */,
			);
			path = Views;
			sourceTree = "<group>";
		};
		CA8DEC552496BB2100E501E4 /* Coordinators */ = {
			isa = PBXGroup;
			children = (
				CA8DEC682496C68000E501E4 /* MostPopularArticlesCoordinator.swift */,
			);
			path = Coordinators;
			sourceTree = "<group>";
		};
		CA8DEC562496BB2A00E501E4 /* Models */ = {
			isa = PBXGroup;
			children = (
				CA8DEC582496BC4000E501E4 /* BaseResponse.swift */,
			);
			path = Models;
			sourceTree = "<group>";
		};
		CA8DEC572496BB3500E501E4 /* ViewModels */ = {
			isa = PBXGroup;
			children = (
			);
			path = ViewModels;
			sourceTree = "<group>";
		};
		CA8DEC5E2496BF3000E501E4 /* Cells */ = {
			isa = PBXGroup;
			children = (
				CA8DEC5F2496BF7500E501E4 /* MostPopularArticleTableViewCell.swift */,
				CA8DEC602496BF7500E501E4 /* MostPopularArticleTableViewCell.xib */,
			);
			path = Cells;
			sourceTree = "<group>";
		};
		CA8DEC632496C02000E501E4 /* DataSources */ = {
			isa = PBXGroup;
			children = (
				CA8DEC642496C02C00E501E4 /* DataSourceProvider.swift */,
				CA8DEC662496C24C00E501E4 /* DataManager.swift */,
			);
			path = DataSources;
			sourceTree = "<group>";
		};
/* End PBXGroup section */

/* Begin PBXNativeTarget section */
		CA8DEBC1249696FC00E501E4 /* NyTimesPopularArticles */ = {
			isa = PBXNativeTarget;
			buildConfigurationList = CA8DEBEC249696FD00E501E4 /* Build configuration list for PBXNativeTarget "NyTimesPopularArticles" */;
			buildPhases = (
				E1486FF42897A9DA8CD7FFE3 /* [CP] Check Pods Manifest.lock */,
				CA8DEBBE249696FC00E501E4 /* Sources */,
				CA8DEBBF249696FC00E501E4 /* Frameworks */,
				CA8DEBC0249696FC00E501E4 /* Resources */,
				CA8DEC532496A57C00E501E4 /* Embed Frameworks */,
			);
			buildRules = (
			);
			dependencies = (
			);
			name = NyTimesPopularArticles;
			productName = NyTimesPopularArticles;
			productReference = CA8DEBC2249696FC00E501E4 /* NyTimesPopularArticles.app */;
			productType = "com.apple.product-type.application";
		};
		CA8DEBD7249696FD00E501E4 /* NyTimesPopularArticlesTests */ = {
			isa = PBXNativeTarget;
			buildConfigurationList = CA8DEBEF249696FD00E501E4 /* Build configuration list for PBXNativeTarget "NyTimesPopularArticlesTests" */;
			buildPhases = (
				4EEA32CD5954C9575343846F /* [CP] Check Pods Manifest.lock */,
				CA8DEBD4249696FD00E501E4 /* Sources */,
				CA8DEBD5249696FD00E501E4 /* Frameworks */,
				CA8DEBD6249696FD00E501E4 /* Resources */,
			);
			buildRules = (
			);
			dependencies = (
				CA8DEBDA249696FD00E501E4 /* PBXTargetDependency */,
			);
			name = NyTimesPopularArticlesTests;
			productName = NyTimesPopularArticlesTests;
			productReference = CA8DEBD8249696FD00E501E4 /* NyTimesPopularArticlesTests.xctest */;
			productType = "com.apple.product-type.bundle.unit-test";
		};
		CA8DEBE2249696FD00E501E4 /* NyTimesPopularArticlesUITests */ = {
			isa = PBXNativeTarget;
			buildConfigurationList = CA8DEBF2249696FD00E501E4 /* Build configuration list for PBXNativeTarget "NyTimesPopularArticlesUITests" */;
			buildPhases = (
				ECF3946B3DAB441C2B8594E9 /* [CP] Check Pods Manifest.lock */,
				CA8DEBDF249696FD00E501E4 /* Sources */,
				CA8DEBE0249696FD00E501E4 /* Frameworks */,
				CA8DEBE1249696FD00E501E4 /* Resources */,
			);
			buildRules = (
			);
			dependencies = (
				CA8DEBE5249696FD00E501E4 /* PBXTargetDependency */,
			);
			name = NyTimesPopularArticlesUITests;
			productName = NyTimesPopularArticlesUITests;
			productReference = CA8DEBE3249696FD00E501E4 /* NyTimesPopularArticlesUITests.xctest */;
			productType = "com.apple.product-type.bundle.ui-testing";
		};
/* End PBXNativeTarget section */

/* Begin PBXProject section */
		CA8DEBBA249696FC00E501E4 /* Project object */ = {
			isa = PBXProject;
			attributes = {
				LastSwiftUpdateCheck = 1110;
				LastUpgradeCheck = 1110;
				ORGANIZATIONNAME = "Ahmed Nour";
				TargetAttributes = {
					CA8DEBC1249696FC00E501E4 = {
						CreatedOnToolsVersion = 11.1;
					};
					CA8DEBD7249696FD00E501E4 = {
						CreatedOnToolsVersion = 11.1;
						TestTargetID = CA8DEBC1249696FC00E501E4;
					};
					CA8DEBE2249696FD00E501E4 = {
						CreatedOnToolsVersion = 11.1;
						TestTargetID = CA8DEBC1249696FC00E501E4;
					};
				};
			};
			buildConfigurationList = CA8DEBBD249696FC00E501E4 /* Build configuration list for PBXProject "NyTimesPopularArticles" */;
			compatibilityVersion = "Xcode 9.3";
			developmentRegion = en;
			hasScannedForEncodings = 0;
			knownRegions = (
				en,
				Base,
			);
			mainGroup = CA8DEBB9249696FC00E501E4;
			productRefGroup = CA8DEBC3249696FC00E501E4 /* Products */;
			projectDirPath = "";
			projectRoot = "";
			targets = (
				CA8DEBC1249696FC00E501E4 /* NyTimesPopularArticles */,
				CA8DEBD7249696FD00E501E4 /* NyTimesPopularArticlesTests */,
				CA8DEBE2249696FD00E501E4 /* NyTimesPopularArticlesUITests */,
			);
		};
/* End PBXProject section */

/* Begin PBXResourcesBuildPhase section */
		CA8DEBC0249696FC00E501E4 /* Resources */ = {
			isa = PBXResourcesBuildPhase;
			buildActionMask = 2147483647;
			files = (
				CA8DEBD2249696FD00E501E4 /* LaunchScreen.storyboard in Resources */,
				CA8DEC622496BF7500E501E4 /* MostPopularArticleTableViewCell.xib in Resources */,
				CA8DEBCF249696FD00E501E4 /* Assets.xcassets in Resources */,
				CA8DEC5D2496BEE700E501E4 /* MostPopularArticlesViewController.xib in Resources */,
			);
			runOnlyForDeploymentPostprocessing = 0;
		};
		CA8DEBD6249696FD00E501E4 /* Resources */ = {
			isa = PBXResourcesBuildPhase;
			buildActionMask = 2147483647;
			files = (
			);
			runOnlyForDeploymentPostprocessing = 0;
		};
		CA8DEBE1249696FD00E501E4 /* Resources */ = {
			isa = PBXResourcesBuildPhase;
			buildActionMask = 2147483647;
			files = (
			);
			runOnlyForDeploymentPostprocessing = 0;
		};
/* End PBXResourcesBuildPhase section */

/* Begin PBXShellScriptBuildPhase section */
		4EEA32CD5954C9575343846F /* [CP] Check Pods Manifest.lock */ = {
			isa = PBXShellScriptBuildPhase;
			buildActionMask = 2147483647;
			files = (
			);
			inputFileListPaths = (
			);
			inputPaths = (
				"${PODS_PODFILE_DIR_PATH}/Podfile.lock",
				"${PODS_ROOT}/Manifest.lock",
			);
			name = "[CP] Check Pods Manifest.lock";
			outputFileListPaths = (
			);
			outputPaths = (
				"$(DERIVED_FILE_DIR)/Pods-NyTimesPopularArticlesTests-checkManifestLockResult.txt",
			);
			runOnlyForDeploymentPostprocessing = 0;
			shellPath = /bin/sh;
			shellScript = "diff \"${PODS_PODFILE_DIR_PATH}/Podfile.lock\" \"${PODS_ROOT}/Manifest.lock\" > /dev/null\nif [ $? != 0 ] ; then\n    # print error to STDERR\n    echo \"error: The sandbox is not in sync with the Podfile.lock. Run 'pod install' or update your CocoaPods installation.\" >&2\n    exit 1\nfi\n# This output is used by Xcode 'outputs' to avoid re-running this script phase.\necho \"SUCCESS\" > \"${SCRIPT_OUTPUT_FILE_0}\"\n";
			showEnvVarsInLog = 0;
		};
		E1486FF42897A9DA8CD7FFE3 /* [CP] Check Pods Manifest.lock */ = {
			isa = PBXShellScriptBuildPhase;
			buildActionMask = 2147483647;
			files = (
			);
			inputFileListPaths = (
			);
			inputPaths = (
				"${PODS_PODFILE_DIR_PATH}/Podfile.lock",
				"${PODS_ROOT}/Manifest.lock",
			);
			name = "[CP] Check Pods Manifest.lock";
			outputFileListPaths = (
			);
			outputPaths = (
				"$(DERIVED_FILE_DIR)/Pods-NyTimesPopularArticles-checkManifestLockResult.txt",
			);
			runOnlyForDeploymentPostprocessing = 0;
			shellPath = /bin/sh;
			shellScript = "diff \"${PODS_PODFILE_DIR_PATH}/Podfile.lock\" \"${PODS_ROOT}/Manifest.lock\" > /dev/null\nif [ $? != 0 ] ; then\n    # print error to STDERR\n    echo \"error: The sandbox is not in sync with the Podfile.lock. Run 'pod install' or update your CocoaPods installation.\" >&2\n    exit 1\nfi\n# This output is used by Xcode 'outputs' to avoid re-running this script phase.\necho \"SUCCESS\" > \"${SCRIPT_OUTPUT_FILE_0}\"\n";
			showEnvVarsInLog = 0;
		};
		ECF3946B3DAB441C2B8594E9 /* [CP] Check Pods Manifest.lock */ = {
			isa = PBXShellScriptBuildPhase;
			buildActionMask = 2147483647;
			files = (
			);
			inputFileListPaths = (
			);
			inputPaths = (
				"${PODS_PODFILE_DIR_PATH}/Podfile.lock",
				"${PODS_ROOT}/Manifest.lock",
			);
			name = "[CP] Check Pods Manifest.lock";
			outputFileListPaths = (
			);
			outputPaths = (
				"$(DERIVED_FILE_DIR)/Pods-NyTimesPopularArticles-NyTimesPopularArticlesUITests-checkManifestLockResult.txt",
			);
			runOnlyForDeploymentPostprocessing = 0;
			shellPath = /bin/sh;
			shellScript = "diff \"${PODS_PODFILE_DIR_PATH}/Podfile.lock\" \"${PODS_ROOT}/Manifest.lock\" > /dev/null\nif [ $? != 0 ] ; then\n    # print error to STDERR\n    echo \"error: The sandbox is not in sync with the Podfile.lock. Run 'pod install' or update your CocoaPods installation.\" >&2\n    exit 1\nfi\n# This output is used by Xcode 'outputs' to avoid re-running this script phase.\necho \"SUCCESS\" > \"${SCRIPT_OUTPUT_FILE_0}\"\n";
			showEnvVarsInLog = 0;
		};
/* End PBXShellScriptBuildPhase section */

/* Begin PBXSourcesBuildPhase section */
		CA8DEBBE249696FC00E501E4 /* Sources */ = {
			isa = PBXSourcesBuildPhase;
			buildActionMask = 2147483647;
			files = (
				CA8DEBC6249696FC00E501E4 /* AppDelegate.swift in Sources */,
				CA8DEC672496C24C00E501E4 /* DataManager.swift in Sources */,
				CA8DEC612496BF7500E501E4 /* MostPopularArticleTableViewCell.swift in Sources */,
				CA8DEC592496BC4000E501E4 /* BaseResponse.swift in Sources */,
				CA8DEC652496C02C00E501E4 /* DataSourceProvider.swift in Sources */,
				CA8DEC692496C68000E501E4 /* MostPopularArticlesCoordinator.swift in Sources */,
				CA8DEC5C2496BEE700E501E4 /* MostPopularArticlesViewController.swift in Sources */,
			);
			runOnlyForDeploymentPostprocessing = 0;
		};
		CA8DEBD4249696FD00E501E4 /* Sources */ = {
			isa = PBXSourcesBuildPhase;
			buildActionMask = 2147483647;
			files = (
				CA8DEBDD249696FD00E501E4 /* NyTimesPopularArticlesTests.swift in Sources */,
			);
			runOnlyForDeploymentPostprocessing = 0;
		};
		CA8DEBDF249696FD00E501E4 /* Sources */ = {
			isa = PBXSourcesBuildPhase;
			buildActionMask = 2147483647;
			files = (
				CA8DEBE8249696FD00E501E4 /* NyTimesPopularArticlesUITests.swift in Sources */,
			);
			runOnlyForDeploymentPostprocessing = 0;
		};
/* End PBXSourcesBuildPhase section */

/* Begin PBXTargetDependency section */
		CA8DEBDA249696FD00E501E4 /* PBXTargetDependency */ = {
			isa = PBXTargetDependency;
			target = CA8DEBC1249696FC00E501E4 /* NyTimesPopularArticles */;
			targetProxy = CA8DEBD9249696FD00E501E4 /* PBXContainerItemProxy */;
		};
		CA8DEBE5249696FD00E501E4 /* PBXTargetDependency */ = {
			isa = PBXTargetDependency;
			target = CA8DEBC1249696FC00E501E4 /* NyTimesPopularArticles */;
			targetProxy = CA8DEBE4249696FD00E501E4 /* PBXContainerItemProxy */;
		};
/* End PBXTargetDependency section */

/* Begin PBXVariantGroup section */
		CA8DEBD0249696FD00E501E4 /* LaunchScreen.storyboard */ = {
			isa = PBXVariantGroup;
			children = (
				CA8DEBD1249696FD00E501E4 /* Base */,
			);
			name = LaunchScreen.storyboard;
			sourceTree = "<group>";
		};
/* End PBXVariantGroup section */

/* Begin XCBuildConfiguration section */
		CA8DEBEA249696FD00E501E4 /* Debug */ = {
			isa = XCBuildConfiguration;
			buildSettings = {
				ALWAYS_SEARCH_USER_PATHS = NO;
				CLANG_ANALYZER_NONNULL = YES;
				CLANG_ANALYZER_NUMBER_OBJECT_CONVERSION = YES_AGGRESSIVE;
				CLANG_CXX_LANGUAGE_STANDARD = "gnu++14";
				CLANG_CXX_LIBRARY = "libc++";
				CLANG_ENABLE_MODULES = YES;
				CLANG_ENABLE_OBJC_ARC = YES;
				CLANG_ENABLE_OBJC_WEAK = YES;
				CLANG_WARN_BLOCK_CAPTURE_AUTORELEASING = YES;
				CLANG_WARN_BOOL_CONVERSION = YES;
				CLANG_WARN_COMMA = YES;
				CLANG_WARN_CONSTANT_CONVERSION = YES;
				CLANG_WARN_DEPRECATED_OBJC_IMPLEMENTATIONS = YES;
				CLANG_WARN_DIRECT_OBJC_ISA_USAGE = YES_ERROR;
				CLANG_WARN_DOCUMENTATION_COMMENTS = YES;
				CLANG_WARN_EMPTY_BODY = YES;
				CLANG_WARN_ENUM_CONVERSION = YES;
				CLANG_WARN_INFINITE_RECURSION = YES;
				CLANG_WARN_INT_CONVERSION = YES;
				CLANG_WARN_NON_LITERAL_NULL_CONVERSION = YES;
				CLANG_WARN_OBJC_IMPLICIT_RETAIN_SELF = YES;
				CLANG_WARN_OBJC_LITERAL_CONVERSION = YES;
				CLANG_WARN_OBJC_ROOT_CLASS = YES_ERROR;
				CLANG_WARN_RANGE_LOOP_ANALYSIS = YES;
				CLANG_WARN_STRICT_PROTOTYPES = YES;
				CLANG_WARN_SUSPICIOUS_MOVE = YES;
				CLANG_WARN_UNGUARDED_AVAILABILITY = YES_AGGRESSIVE;
				CLANG_WARN_UNREACHABLE_CODE = YES;
				CLANG_WARN__DUPLICATE_METHOD_MATCH = YES;
				COPY_PHASE_STRIP = NO;
				DEBUG_INFORMATION_FORMAT = dwarf;
				ENABLE_STRICT_OBJC_MSGSEND = YES;
				ENABLE_TESTABILITY = YES;
				GCC_C_LANGUAGE_STANDARD = gnu11;
				GCC_DYNAMIC_NO_PIC = NO;
				GCC_NO_COMMON_BLOCKS = YES;
				GCC_OPTIMIZATION_LEVEL = 0;
				GCC_PREPROCESSOR_DEFINITIONS = (
					"DEBUG=1",
					"$(inherited)",
				);
				GCC_WARN_64_TO_32_BIT_CONVERSION = YES;
				GCC_WARN_ABOUT_RETURN_TYPE = YES_ERROR;
				GCC_WARN_UNDECLARED_SELECTOR = YES;
				GCC_WARN_UNINITIALIZED_AUTOS = YES_AGGRESSIVE;
				GCC_WARN_UNUSED_FUNCTION = YES;
				GCC_WARN_UNUSED_VARIABLE = YES;
				IPHONEOS_DEPLOYMENT_TARGET = 13.1;
				MTL_ENABLE_DEBUG_INFO = INCLUDE_SOURCE;
				MTL_FAST_MATH = YES;
				ONLY_ACTIVE_ARCH = YES;
				SDKROOT = iphoneos;
				SWIFT_ACTIVE_COMPILATION_CONDITIONS = DEBUG;
				SWIFT_OPTIMIZATION_LEVEL = "-Onone";
			};
			name = Debug;
		};
		CA8DEBEB249696FD00E501E4 /* Release */ = {
			isa = XCBuildConfiguration;
			buildSettings = {
				ALWAYS_SEARCH_USER_PATHS = NO;
				CLANG_ANALYZER_NONNULL = YES;
				CLANG_ANALYZER_NUMBER_OBJECT_CONVERSION = YES_AGGRESSIVE;
				CLANG_CXX_LANGUAGE_STANDARD = "gnu++14";
				CLANG_CXX_LIBRARY = "libc++";
				CLANG_ENABLE_MODULES = YES;
				CLANG_ENABLE_OBJC_ARC = YES;
				CLANG_ENABLE_OBJC_WEAK = YES;
				CLANG_WARN_BLOCK_CAPTURE_AUTORELEASING = YES;
				CLANG_WARN_BOOL_CONVERSION = YES;
				CLANG_WARN_COMMA = YES;
				CLANG_WARN_CONSTANT_CONVERSION = YES;
				CLANG_WARN_DEPRECATED_OBJC_IMPLEMENTATIONS = YES;
				CLANG_WARN_DIRECT_OBJC_ISA_USAGE = YES_ERROR;
				CLANG_WARN_DOCUMENTATION_COMMENTS = YES;
				CLANG_WARN_EMPTY_BODY = YES;
				CLANG_WARN_ENUM_CONVERSION = YES;
				CLANG_WARN_INFINITE_RECURSION = YES;
				CLANG_WARN_INT_CONVERSION = YES;
				CLANG_WARN_NON_LITERAL_NULL_CONVERSION = YES;
				CLANG_WARN_OBJC_IMPLICIT_RETAIN_SELF = YES;
				CLANG_WARN_OBJC_LITERAL_CONVERSION = YES;
				CLANG_WARN_OBJC_ROOT_CLASS = YES_ERROR;
				CLANG_WARN_RANGE_LOOP_ANALYSIS = YES;
				CLANG_WARN_STRICT_PROTOTYPES = YES;
				CLANG_WARN_SUSPICIOUS_MOVE = YES;
				CLANG_WARN_UNGUARDED_AVAILABILITY = YES_AGGRESSIVE;
				CLANG_WARN_UNREACHABLE_CODE = YES;
				CLANG_WARN__DUPLICATE_METHOD_MATCH = YES;
				COPY_PHASE_STRIP = NO;
				DEBUG_INFORMATION_FORMAT = "dwarf-with-dsym";
				ENABLE_NS_ASSERTIONS = NO;
				ENABLE_STRICT_OBJC_MSGSEND = YES;
				GCC_C_LANGUAGE_STANDARD = gnu11;
				GCC_NO_COMMON_BLOCKS = YES;
				GCC_WARN_64_TO_32_BIT_CONVERSION = YES;
				GCC_WARN_ABOUT_RETURN_TYPE = YES_ERROR;
				GCC_WARN_UNDECLARED_SELECTOR = YES;
				GCC_WARN_UNINITIALIZED_AUTOS = YES_AGGRESSIVE;
				GCC_WARN_UNUSED_FUNCTION = YES;
				GCC_WARN_UNUSED_VARIABLE = YES;
				IPHONEOS_DEPLOYMENT_TARGET = 13.1;
				MTL_ENABLE_DEBUG_INFO = NO;
				MTL_FAST_MATH = YES;
				SDKROOT = iphoneos;
				SWIFT_COMPILATION_MODE = wholemodule;
				SWIFT_OPTIMIZATION_LEVEL = "-O";
				VALIDATE_PRODUCT = YES;
			};
			name = Release;
		};
		CA8DEBED249696FD00E501E4 /* Debug */ = {
			isa = XCBuildConfiguration;
			baseConfigurationReference = E4FF4B260413C4620233D390 /* Pods-NyTimesPopularArticles.debug.xcconfig */;
			buildSettings = {
				ASSETCATALOG_COMPILER_APPICON_NAME = AppIcon;
				CODE_SIGN_STYLE = Automatic;
				INFOPLIST_FILE = NyTimesPopularArticles/Info.plist;
				LD_RUNPATH_SEARCH_PATHS = (
					"$(inherited)",
					"@executable_path/Frameworks",
				);
				PRODUCT_BUNDLE_IDENTIFIER = UPS.NyTimesPopularArticles;
				PRODUCT_NAME = "$(TARGET_NAME)";
				SWIFT_VERSION = 5.0;
				TARGETED_DEVICE_FAMILY = "1,2";
			};
			name = Debug;
		};
		CA8DEBEE249696FD00E501E4 /* Release */ = {
			isa = XCBuildConfiguration;
			baseConfigurationReference = ADACEB7FF21429F847D3C76C /* Pods-NyTimesPopularArticles.release.xcconfig */;
			buildSettings = {
				ASSETCATALOG_COMPILER_APPICON_NAME = AppIcon;
				CODE_SIGN_STYLE = Automatic;
				INFOPLIST_FILE = NyTimesPopularArticles/Info.plist;
				LD_RUNPATH_SEARCH_PATHS = (
					"$(inherited)",
					"@executable_path/Frameworks",
				);
				PRODUCT_BUNDLE_IDENTIFIER = UPS.NyTimesPopularArticles;
				PRODUCT_NAME = "$(TARGET_NAME)";
				SWIFT_VERSION = 5.0;
				TARGETED_DEVICE_FAMILY = "1,2";
			};
			name = Release;
		};
		CA8DEBF0249696FD00E501E4 /* Debug */ = {
			isa = XCBuildConfiguration;
			baseConfigurationReference = D55683E6BD77EF9809E8344F /* Pods-NyTimesPopularArticlesTests.debug.xcconfig */;
			buildSettings = {
				ALWAYS_EMBED_SWIFT_STANDARD_LIBRARIES = YES;
				BUNDLE_LOADER = "$(TEST_HOST)";
				CODE_SIGN_STYLE = Automatic;
				INFOPLIST_FILE = NyTimesPopularArticlesTests/Info.plist;
				IPHONEOS_DEPLOYMENT_TARGET = 13.1;
				LD_RUNPATH_SEARCH_PATHS = (
					"$(inherited)",
					"@executable_path/Frameworks",
					"@loader_path/Frameworks",
				);
				PRODUCT_BUNDLE_IDENTIFIER = UPS.NyTimesPopularArticlesTests;
				PRODUCT_NAME = "$(TARGET_NAME)";
				SWIFT_VERSION = 5.0;
				TARGETED_DEVICE_FAMILY = "1,2";
				TEST_HOST = "$(BUILT_PRODUCTS_DIR)/NyTimesPopularArticles.app/NyTimesPopularArticles";
			};
			name = Debug;
		};
		CA8DEBF1249696FD00E501E4 /* Release */ = {
			isa = XCBuildConfiguration;
			baseConfigurationReference = 6D31E5AB22D8BD8CD73A41D4 /* Pods-NyTimesPopularArticlesTests.release.xcconfig */;
			buildSettings = {
				ALWAYS_EMBED_SWIFT_STANDARD_LIBRARIES = YES;
				BUNDLE_LOADER = "$(TEST_HOST)";
				CODE_SIGN_STYLE = Automatic;
				INFOPLIST_FILE = NyTimesPopularArticlesTests/Info.plist;
				IPHONEOS_DEPLOYMENT_TARGET = 13.1;
				LD_RUNPATH_SEARCH_PATHS = (
					"$(inherited)",
					"@executable_path/Frameworks",
					"@loader_path/Frameworks",
				);
				PRODUCT_BUNDLE_IDENTIFIER = UPS.NyTimesPopularArticlesTests;
				PRODUCT_NAME = "$(TARGET_NAME)";
				SWIFT_VERSION = 5.0;
				TARGETED_DEVICE_FAMILY = "1,2";
				TEST_HOST = "$(BUILT_PRODUCTS_DIR)/NyTimesPopularArticles.app/NyTimesPopularArticles";
			};
			name = Release;
		};
		CA8DEBF3249696FD00E501E4 /* Debug */ = {
			isa = XCBuildConfiguration;
			baseConfigurationReference = C4164447F92219FC22DA00D8 /* Pods-NyTimesPopularArticles-NyTimesPopularArticlesUITests.debug.xcconfig */;
			buildSettings = {
				ALWAYS_EMBED_SWIFT_STANDARD_LIBRARIES = YES;
				CODE_SIGN_STYLE = Automatic;
				INFOPLIST_FILE = NyTimesPopularArticlesUITests/Info.plist;
				LD_RUNPATH_SEARCH_PATHS = (
					"$(inherited)",
					"@executable_path/Frameworks",
					"@loader_path/Frameworks",
				);
				PRODUCT_BUNDLE_IDENTIFIER = UPS.NyTimesPopularArticlesUITests;
				PRODUCT_NAME = "$(TARGET_NAME)";
				SWIFT_VERSION = 5.0;
				TARGETED_DEVICE_FAMILY = "1,2";
				TEST_TARGET_NAME = NyTimesPopularArticles;
			};
			name = Debug;
		};
		CA8DEBF4249696FD00E501E4 /* Release */ = {
			isa = XCBuildConfiguration;
			baseConfigurationReference = 1464A4C7CE6849215787BFC4 /* Pods-NyTimesPopularArticles-NyTimesPopularArticlesUITests.release.xcconfig */;
			buildSettings = {
				ALWAYS_EMBED_SWIFT_STANDARD_LIBRARIES = YES;
				CODE_SIGN_STYLE = Automatic;
				INFOPLIST_FILE = NyTimesPopularArticlesUITests/Info.plist;
				LD_RUNPATH_SEARCH_PATHS = (
					"$(inherited)",
					"@executable_path/Frameworks",
					"@loader_path/Frameworks",
				);
				PRODUCT_BUNDLE_IDENTIFIER = UPS.NyTimesPopularArticlesUITests;
				PRODUCT_NAME = "$(TARGET_NAME)";
				SWIFT_VERSION = 5.0;
				TARGETED_DEVICE_FAMILY = "1,2";
				TEST_TARGET_NAME = NyTimesPopularArticles;
			};
			name = Release;
		};
/* End XCBuildConfiguration section */

/* Begin XCConfigurationList section */
		CA8DEBBD249696FC00E501E4 /* Build configuration list for PBXProject "NyTimesPopularArticles" */ = {
			isa = XCConfigurationList;
			buildConfigurations = (
				CA8DEBEA249696FD00E501E4 /* Debug */,
				CA8DEBEB249696FD00E501E4 /* Release */,
			);
			defaultConfigurationIsVisible = 0;
			defaultConfigurationName = Release;
		};
		CA8DEBEC249696FD00E501E4 /* Build configuration list for PBXNativeTarget "NyTimesPopularArticles" */ = {
			isa = XCConfigurationList;
			buildConfigurations = (
				CA8DEBED249696FD00E501E4 /* Debug */,
				CA8DEBEE249696FD00E501E4 /* Release */,
			);
			defaultConfigurationIsVisible = 0;
			defaultConfigurationName = Release;
		};
		CA8DEBEF249696FD00E501E4 /* Build configuration list for PBXNativeTarget "NyTimesPopularArticlesTests" */ = {
			isa = XCConfigurationList;
			buildConfigurations = (
				CA8DEBF0249696FD00E501E4 /* Debug */,
				CA8DEBF1249696FD00E501E4 /* Release */,
			);
			defaultConfigurationIsVisible = 0;
			defaultConfigurationName = Release;
		};
		CA8DEBF2249696FD00E501E4 /* Build configuration list for PBXNativeTarget "NyTimesPopularArticlesUITests" */ = {
			isa = XCConfigurationList;
			buildConfigurations = (
				CA8DEBF3249696FD00E501E4 /* Debug */,
				CA8DEBF4249696FD00E501E4 /* Release */,
			);
			defaultConfigurationIsVisible = 0;
			defaultConfigurationName = Release;
		};
/* End XCConfigurationList section */
	};
	rootObject = CA8DEBBA249696FC00E501E4 /* Project object */;
}
